
Microsoft Visual Studio Solution File, Format Version 12.00
# Visual Studio Version 17
VisualStudioVersion = 17.2.32210.308
MinimumVisualStudioVersion = 10.0.40219.1
Project("{9A19103F-16F7-4668-BE54-9A1E7A4F7556}") = "GetLumiaBSP", "GetLumiaBSP\GetLumiaBSP.csproj", "{20EB66E4-68A0-4954-82E9-4274AB16BF22}"
EndProject
Global
	GlobalSection(SolutionConfigurationPlatforms) = preSolution
		Debug|Any CPU = Debug|Any CPU
		Debug|ARM32 = Debug|ARM32
		Debug|ARM64 = Debug|ARM64
		Debug|x64 = Debug|x64
		Debug|x86 = Debug|x86
		Release|Any CPU = Release|Any CPU
		Release|ARM32 = Release|ARM32
		Release|ARM64 = Release|ARM64
		Release|x64 = Release|x64
		Release|x86 = Release|x86
	EndGlobalSection
	GlobalSection(ProjectConfigurationPlatforms) = postSolution
		{20EB66E4-68A0-4954-82E9-4274AB16BF22}.Debug|Any CPU.ActiveCfg = Debug|Any CPU
		{20EB66E4-68A0-4954-82E9-4274AB16BF22}.Debug|Any CPU.Build.0 = Debug|Any CPU
		{20EB66E4-68A0-4954-82E9-4274AB16BF22}.Debug|ARM32.ActiveCfg = Debug|ARM32
		{20EB66E4-68A0-4954-82E9-4274AB16BF22}.Debug|ARM32.Build.0 = Debug|ARM32
		{20EB66E4-68A0-4954-82E9-4274AB16BF22}.Debug|ARM64.ActiveCfg = Debug|ARM64
		{20EB66E4-68A0-4954-82E9-4274AB16BF22}.Debug|ARM64.Build.0 = Debug|ARM64
		{20EB66E4-68A0-4954-82E9-4274AB16BF22}.Debug|x64.ActiveCfg = Debug|x64
		{20EB66E4-68A0-4954-82E9-4274AB16BF22}.Debug|x64.Build.0 = Debug|x64
		{20EB66E4-68A0-4954-82E9-4274AB16BF22}.Debug|x86.ActiveCfg = Debug|x86
		{20EB66E4-68A0-4954-82E9-4274AB16BF22}.Debug|x86.Build.0 = Debug|x86
		{20EB66E4-68A0-4954-82E9-4274AB16BF22}.Release|Any CPU.ActiveCfg = Release|Any CPU
		{20EB66E4-68A0-4954-82E9-4274AB16BF22}.Release|Any CPU.Build.0 = Release|Any CPU
		{20EB66E4-68A0-4954-82E9-4274AB16BF22}.Release|ARM32.ActiveCfg = Release|ARM32
		{20EB66E4-68A0-4954-82E9-4274AB16BF22}.Release|ARM32.Build.0 = Release|ARM32
		{20EB66E4-68A0-4954-82E9-4274AB16BF22}.Release|ARM64.ActiveCfg = Release|ARM64
		{20EB66E4-68A0-4954-82E9-4274AB16BF22}.Release|ARM64.Build.0 = Release|ARM64
		{20EB66E4-68A0-4954-82E9-4274AB16BF22}.Release|x64.ActiveCfg = Release|x64
		{20EB66E4-68A0-4954-82E9-4274AB16BF22}.Release|x64.Build.0 = Release|x64
		{20EB66E4-68A0-4954-82E9-4274AB16BF22}.Release|x86.ActiveCfg = Release|x86
		{20EB66E4-68A0-4954-82E9-4274AB16BF22}.Release|x86.Build.0 = Release|x86
	EndGlobalSection
	GlobalSection(SolutionProperties) = preSolution
		HideSolutionNode = FALSE
	EndGlobalSection
	GlobalSection(ExtensibilityGlobals) = postSolution
		SolutionGuid = {C066D12A-E96E-422F-83C5-C1618E87C39D}
	EndGlobalSection
EndGlobal
