
Microsoft Visual Studio Solution File, Format Version 12.00
# Visual Studio Version 17
VisualStudioVersion = 17.2.32210.308
MinimumVisualStudioVersion = 10.0.40219.1
Project("{FAE04EC0-301F-11D3-BF4B-00C04F79EFBC}") = "GetLumiaBSP", "GetLumiaBSP\GetLumiaBSP.csproj", "{20EB66E4-68A0-4954-82E9-4274AB16BF22}"
EndProject
Global
	GlobalSection(SolutionConfigurationPlatforms) = preSolution
		Debug|Any CPU = Debug|Any CPU
		Release|Any CPU = Release|Any CPU
	EndGlobalSection
	GlobalSection(ProjectConfigurationPlatforms) = postSolution
		{20EB66E4-68A0-4954-82E9-4274AB16BF22}.Debug|Any CPU.ActiveCfg = Debug|Any CPU
		{20EB66E4-68A0-4954-82E9-4274AB16BF22}.Debug|Any CPU.Build.0 = Debug|Any CPU
		{20EB66E4-68A0-4954-82E9-4274AB16BF22}.Release|Any CPU.ActiveCfg = Release|Any CPU
		{20EB66E4-68A0-4954-82E9-4274AB16BF22}.Release|Any CPU.Build.0 = Release|Any CPU
	EndGlobalSection
	GlobalSection(SolutionProperties) = preSolution
		HideSolutionNode = FALSE
	EndGlobalSection
	GlobalSection(ExtensibilityGlobals) = postSolution
		SolutionGuid = {C066D12A-E96E-422F-83C5-C1618E87C39D}
	EndGlobalSection
EndGlobal
